dependencies:
- condition: ""
  enabled: false
  import-values: null
  name: builder
  repository: http://charts.deis.cc/stable/builder
  tags: v0.0.0
  version: v0.0.0
- condition: ""
  enabled: false
  import-values: null
  name: slugbuilder
  repository: http://charts.deis.cc/stable/slugbuilder
  tags: v0.0.0
  version: v0.0.0
- condition: ""
  enabled: false
  import-values: null
  name: dockerbuilder
  repository: http://charts.deis.cc/stable/dockerbuilder
  tags: v0.0.0
  version: v0.0.0
- condition: ""
  enabled: false
  import-values: null
  name: controller
  repository: http://charts.deis.cc/stable/controller
  tags: v0.0.0
  version: v0.0.0
- condition: ""
  enabled: false
  import-values: null
  name: slugrunner
  repository: http://charts.deis.cc/stable/slugrunner
  tags: v0.0.0
  version: v0.0.0
- condition: ""
  enabled: false
  import-values: null
  name: database
  repository: http://charts.deis.cc/stable/database
  tags: v0.0.0
  version: v0.0.0
- condition: ""
  enabled: false
  import-values: null
  name: fluentd
  repository: http://charts.deis.cc/stable/fluentd
  tags: v0.0.0
  version: v0.0.0
- condition: ""
  enabled: false
  import-values: null
  name: redis
  repository: http://charts.deis.cc/stable/redis
  tags: v0.0.0
  version: v0.0.0
- condition: ""
  enabled: false
  import-values: null
  name: logger
  repository: http://charts.deis.cc/stable/logger
  tags: v0.0.0
  version: v0.0.0
- condition: ""
  enabled: false
  import-values: null
  name: minio
  repository: http://charts.deis.cc/stable/minio
  tags: v0.0.0
  version: v0.0.0
- condition: ""
  enabled: false
  import-values: null
  name: monitor
  repository: http://charts.deis.cc/stable/monitor
  tags: v0.0.0
  version: v0.0.0
- condition: ""
  enabled: false
  import-values: null
  name: nsqd
  repository: http://charts.deis.cc/stable/nsqd
  tags: v0.0.0
  version: v0.0.0
- condition: ""
  enabled: false
  import-values: null
  name: registry
  repository: http://charts.deis.cc/stable/registry
  tags: v0.0.0
  version: v0.0.0
- condition: ""
  enabled: false
  import-values: null
  name: registry-proxy
  repository: http://charts.deis.cc/stable/registry-proxy
  tags: v0.0.0
  version: v0.0.0
- condition: ""
  enabled: false
  import-values: null
  name: registry-token-refresher
  repository: http://charts.deis.cc/stable/registry-token-refresher
  tags: v0.0.0
  version: v0.0.0
- condition: ""
  enabled: false
  import-values: null
  name: router
  repository: http://charts.deis.cc/stable/router
  tags: v0.0.0
  version: v0.0.0
- condition: ""
  enabled: false
  import-values: null
  name: workflow-manager
  repository: http://charts.deis.cc/stable/workflow-manager
  tags: v0.0.0
  version: v0.0.0
digest: sha256:f2a83050d4d988b486177a83b427d654ee43c4357101793a5ae428817847a56a
generated: 2017-09-06T16:10:32.130066804Z